
Microsoft Visual Studio Solution File, Format Version 12.00
# Visual Studio Version 17
VisualStudioVersion = 17.4.32916.344
MinimumVisualStudioVersion = 10.0.40219.1
Project("{9A19103F-16F7-4668-BE54-9A1E7A4F7556}") = "ACE.BaseMod", "ACE.BaseMod\ACE.BaseMod.csproj", "{7C075293-3A0D-434E-8AB0-5666BAFDFC2C}"
EndProject
Project("{2150E333-8FDC-42A3-9474-1A3956D46DE8}") = "Samples", "Samples", "{B26E1345-5594-4F16-828C-C4994FD6AC02}"
EndProject
Project("{9A19103F-16F7-4668-BE54-9A1E7A4F7556}") = "HelloCommand", "HelloCommand\HelloCommand.csproj", "{64C698CC-18D3-4DDE-9913-5C6D745C84AC}"
EndProject
Project("{FAE04EC0-301F-11D3-BF4B-00C04F79EFBC}") = "Achievements", "Achievements\Achievements.csproj", "{15F8AC4E-654D-4993-9D94-7CCC4D9C5865}"
EndProject
Project("{9A19103F-16F7-4668-BE54-9A1E7A4F7556}") = "ACE.SimpleMod", "ACE.SimpleMod\ACE.SimpleMod.csproj", "{00C4A458-BC6B-49E2-8009-E38B756C45D5}"
EndProject
Project("{9A19103F-16F7-4668-BE54-9A1E7A4F7556}") = "CleaveTranspiler", "CleaveTranspiler\CleaveTranspiler.csproj", "{B7CFC8ED-E134-4C32-B16B-C00C7978D9AA}"
EndProject
Project("{9A19103F-16F7-4668-BE54-9A1E7A4F7556}") = "DiscordPlus", "DiscordPlus\DiscordPlus.csproj", "{B8211B7B-A31A-4D5B-BA66-56D1C796BC3F}"
EndProject
Project("{9A19103F-16F7-4668-BE54-9A1E7A4F7556}") = "Spells", "Spells\Spells.csproj", "{10DD1634-548E-4397-9AE3-6D88197ABC52}"
EndProject
Project("{9A19103F-16F7-4668-BE54-9A1E7A4F7556}") = "CriticalOverride", "CriticalOverride\CriticalOverride.csproj", "{88205105-3B8A-4D91-8078-E1CC7A20A9F3}"
EndProject
Global
	GlobalSection(SolutionConfigurationPlatforms) = preSolution
		Debug|Any CPU = Debug|Any CPU
		Release|Any CPU = Release|Any CPU
	EndGlobalSection
	GlobalSection(ProjectConfigurationPlatforms) = postSolution
		{7C075293-3A0D-434E-8AB0-5666BAFDFC2C}.Debug|Any CPU.ActiveCfg = Debug|Any CPU
		{7C075293-3A0D-434E-8AB0-5666BAFDFC2C}.Release|Any CPU.ActiveCfg = Release|Any CPU
		{7C075293-3A0D-434E-8AB0-5666BAFDFC2C}.Release|Any CPU.Build.0 = Release|Any CPU
		{64C698CC-18D3-4DDE-9913-5C6D745C84AC}.Debug|Any CPU.ActiveCfg = Debug|Any CPU
		{64C698CC-18D3-4DDE-9913-5C6D745C84AC}.Release|Any CPU.ActiveCfg = Release|Any CPU
		{64C698CC-18D3-4DDE-9913-5C6D745C84AC}.Release|Any CPU.Build.0 = Release|Any CPU
		{15F8AC4E-654D-4993-9D94-7CCC4D9C5865}.Debug|Any CPU.ActiveCfg = Debug|Any CPU
		{15F8AC4E-654D-4993-9D94-7CCC4D9C5865}.Release|Any CPU.ActiveCfg = Release|Any CPU
		{15F8AC4E-654D-4993-9D94-7CCC4D9C5865}.Release|Any CPU.Build.0 = Release|Any CPU
		{00C4A458-BC6B-49E2-8009-E38B756C45D5}.Debug|Any CPU.ActiveCfg = Debug|Any CPU
		{00C4A458-BC6B-49E2-8009-E38B756C45D5}.Release|Any CPU.ActiveCfg = Release|Any CPU
		{00C4A458-BC6B-49E2-8009-E38B756C45D5}.Release|Any CPU.Build.0 = Release|Any CPU
		{B7CFC8ED-E134-4C32-B16B-C00C7978D9AA}.Debug|Any CPU.ActiveCfg = Debug|Any CPU
		{B7CFC8ED-E134-4C32-B16B-C00C7978D9AA}.Release|Any CPU.ActiveCfg = Release|Any CPU
		{B7CFC8ED-E134-4C32-B16B-C00C7978D9AA}.Release|Any CPU.Build.0 = Release|Any CPU
		{B8211B7B-A31A-4D5B-BA66-56D1C796BC3F}.Debug|Any CPU.ActiveCfg = Debug|Any CPU
		{B8211B7B-A31A-4D5B-BA66-56D1C796BC3F}.Release|Any CPU.ActiveCfg = Release|Any CPU
		{B8211B7B-A31A-4D5B-BA66-56D1C796BC3F}.Release|Any CPU.Build.0 = Release|Any CPU
		{10DD1634-548E-4397-9AE3-6D88197ABC52}.Debug|Any CPU.ActiveCfg = Debug|Any CPU
		{10DD1634-548E-4397-9AE3-6D88197ABC52}.Release|Any CPU.ActiveCfg = Release|Any CPU
		{10DD1634-548E-4397-9AE3-6D88197ABC52}.Release|Any CPU.Build.0 = Release|Any CPU
		{88205105-3B8A-4D91-8078-E1CC7A20A9F3}.Debug|Any CPU.ActiveCfg = Debug|Any CPU
		{88205105-3B8A-4D91-8078-E1CC7A20A9F3}.Release|Any CPU.ActiveCfg = Release|Any CPU
		{88205105-3B8A-4D91-8078-E1CC7A20A9F3}.Release|Any CPU.Build.0 = Release|Any CPU
	EndGlobalSection
	GlobalSection(SolutionProperties) = preSolution
		HideSolutionNode = FALSE
	EndGlobalSection
	GlobalSection(NestedProjects) = preSolution
		{64C698CC-18D3-4DDE-9913-5C6D745C84AC} = {B26E1345-5594-4F16-828C-C4994FD6AC02}
		{15F8AC4E-654D-4993-9D94-7CCC4D9C5865} = {B26E1345-5594-4F16-828C-C4994FD6AC02}
		{B7CFC8ED-E134-4C32-B16B-C00C7978D9AA} = {B26E1345-5594-4F16-828C-C4994FD6AC02}
		{B8211B7B-A31A-4D5B-BA66-56D1C796BC3F} = {B26E1345-5594-4F16-828C-C4994FD6AC02}
		{10DD1634-548E-4397-9AE3-6D88197ABC52} = {B26E1345-5594-4F16-828C-C4994FD6AC02}
		{88205105-3B8A-4D91-8078-E1CC7A20A9F3} = {B26E1345-5594-4F16-828C-C4994FD6AC02}
	EndGlobalSection
	GlobalSection(ExtensibilityGlobals) = postSolution
		SolutionGuid = {78F97B66-6E9E-4329-A0FE-1E02A2C50967}
	EndGlobalSection
EndGlobal
