
Microsoft Visual Studio Solution File, Format Version 12.00
# Visual Studio Version 17
VisualStudioVersion = 17.4.32916.344
MinimumVisualStudioVersion = 10.0.40219.1
Project("{9A19103F-16F7-4668-BE54-9A1E7A4F7556}") = "ACE.BaseMod", "ACE.BaseMod\ACE.BaseMod.csproj", "{7C075293-3A0D-434E-8AB0-5666BAFDFC2C}"
EndProject
Project("{FAE04EC0-301F-11D3-BF4B-00C04F79EFBC}") = "KillCount", "KillCount\KillCount.csproj", "{2D0432FF-5324-4480-94BF-AE54C18DB5A2}"
EndProject
Project("{FAE04EC0-301F-11D3-BF4B-00C04F79EFBC}") = "CritOverride", "CritOverride\CritOverride.csproj", "{D1A7CCC4-8E58-46DD-A86F-013327900A5E}"
EndProject
Project("{FAE04EC0-301F-11D3-BF4B-00C04F79EFBC}") = "Discord", "Discord\Discord.csproj", "{2FE733AF-1D36-4B0A-82B4-8F42B9A2AB61}"
EndProject
Global
	GlobalSection(SolutionConfigurationPlatforms) = preSolution
		Debug|Any CPU = Debug|Any CPU
		Release|Any CPU = Release|Any CPU
	EndGlobalSection
	GlobalSection(ProjectConfigurationPlatforms) = postSolution
		{7C075293-3A0D-434E-8AB0-5666BAFDFC2C}.Debug|Any CPU.ActiveCfg = Debug|Any CPU
		{7C075293-3A0D-434E-8AB0-5666BAFDFC2C}.Release|Any CPU.ActiveCfg = Release|Any CPU
		{7C075293-3A0D-434E-8AB0-5666BAFDFC2C}.Release|Any CPU.Build.0 = Release|Any CPU
		{2D0432FF-5324-4480-94BF-AE54C18DB5A2}.Debug|Any CPU.ActiveCfg = Debug|Any CPU
		{2D0432FF-5324-4480-94BF-AE54C18DB5A2}.Debug|Any CPU.Build.0 = Debug|Any CPU
		{2D0432FF-5324-4480-94BF-AE54C18DB5A2}.Release|Any CPU.ActiveCfg = Release|Any CPU
		{2D0432FF-5324-4480-94BF-AE54C18DB5A2}.Release|Any CPU.Build.0 = Release|Any CPU
		{D1A7CCC4-8E58-46DD-A86F-013327900A5E}.Debug|Any CPU.ActiveCfg = Debug|Any CPU
		{D1A7CCC4-8E58-46DD-A86F-013327900A5E}.Debug|Any CPU.Build.0 = Debug|Any CPU
		{D1A7CCC4-8E58-46DD-A86F-013327900A5E}.Release|Any CPU.ActiveCfg = Release|Any CPU
		{D1A7CCC4-8E58-46DD-A86F-013327900A5E}.Release|Any CPU.Build.0 = Release|Any CPU
		{2FE733AF-1D36-4B0A-82B4-8F42B9A2AB61}.Debug|Any CPU.ActiveCfg = Debug|Any CPU
		{2FE733AF-1D36-4B0A-82B4-8F42B9A2AB61}.Debug|Any CPU.Build.0 = Debug|Any CPU
		{2FE733AF-1D36-4B0A-82B4-8F42B9A2AB61}.Release|Any CPU.ActiveCfg = Release|Any CPU
		{2FE733AF-1D36-4B0A-82B4-8F42B9A2AB61}.Release|Any CPU.Build.0 = Release|Any CPU
	EndGlobalSection
	GlobalSection(SolutionProperties) = preSolution
		HideSolutionNode = FALSE
	EndGlobalSection
	GlobalSection(ExtensibilityGlobals) = postSolution
		SolutionGuid = {78F97B66-6E9E-4329-A0FE-1E02A2C50967}
	EndGlobalSection
EndGlobal
