
Microsoft Visual Studio Solution File, Format Version 12.00
# Visual Studio Version 17
VisualStudioVersion = 17.4.32916.344
MinimumVisualStudioVersion = 10.0.40219.1
Project("{9A19103F-16F7-4668-BE54-9A1E7A4F7556}") = "ACE.BaseMod", "Templates\ACE.BaseMod\ACE.BaseMod.csproj", "{7C075293-3A0D-434E-8AB0-5666BAFDFC2C}"
EndProject
Project("{2150E333-8FDC-42A3-9474-1A3956D46DE8}") = "Samples", "Samples", "{B26E1345-5594-4F16-828C-C4994FD6AC02}"
EndProject
Project("{9A19103F-16F7-4668-BE54-9A1E7A4F7556}") = "CriticalOverride", "Samples\CriticalOverride\CriticalOverride.csproj", "{E1FBF550-9A8C-4CDE-B2AB-75939C0086A2}"
EndProject
Project("{9A19103F-16F7-4668-BE54-9A1E7A4F7556}") = "HelloCommand", "Samples\HelloCommand\HelloCommand.csproj", "{6848B00C-F0DB-4133-9C53-AF347B052E09}"
EndProject
Project("{9A19103F-16F7-4668-BE54-9A1E7A4F7556}") = "ACE.SimpleMod", "Templates\ACE.SimpleMod\ACE.SimpleMod.csproj", "{81A57CA3-E9CD-46FB-9267-BA0642D0E158}"
EndProject
Project("{9A19103F-16F7-4668-BE54-9A1E7A4F7556}") = "Balance", "Samples\Balance\Balance.csproj", "{1F9F454A-1CC8-4C39-B688-96F29721E542}"
EndProject
Project("{9A19103F-16F7-4668-BE54-9A1E7A4F7556}") = "Raise", "Samples\Raise\Raise.csproj", "{8A0D1794-B8FD-44F3-A3D7-7C1B8A83E006}"
EndProject
Project("{9A19103F-16F7-4668-BE54-9A1E7A4F7556}") = "PlayerSave", "Samples\PlayerSave\PlayerSave.csproj", "{F15920DD-D448-4BA9-8110-1C3E6AA12CE7}"
EndProject
Project("{2150E333-8FDC-42A3-9474-1A3956D46DE8}") = "Solution Items", "Solution Items", "{EED4AFCF-6AC5-40E4-BC4E-F682C8C4048F}"
	ProjectSection(SolutionItems) = preProject
		BaseMod.Filter.slnf = BaseMod.Filter.slnf
		Directory.Build.targets = Directory.Build.targets
		README.md = README.md
		Realms Compatibility.md = Realms Compatibility.md
	EndProjectSection
EndProject
Project("{9A19103F-16F7-4668-BE54-9A1E7A4F7556}") = "ConnectionLimit", "Samples\ConnectionLimit\ConnectionLimit.csproj", "{CF9EFFCD-4A22-48AE-9C76-EE859610830C}"
EndProject
Project("{9A19103F-16F7-4668-BE54-9A1E7A4F7556}") = "AccessDb", "Samples\AccessDb\AccessDb.csproj", "{06445B7F-2DF7-4AC9-B7AE-C71E5B23CE1D}"
EndProject
Project("{FAE04EC0-301F-11D3-BF4B-00C04F79EFBC}") = "ACE.Web", "Templates\ACE.Web\ACE.Web.csproj", "{5F24F52F-AEBB-488E-B65D-56F9A50CE886}"
EndProject
Project("{FAE04EC0-301F-11D3-BF4B-00C04F79EFBC}") = "QualityOfLife", "Samples\QualityOfLife\QualityOfLife.csproj", "{0DBF9FDE-0899-4B14-8FDC-0E43BAA77198}"
EndProject
Project("{FAE04EC0-301F-11D3-BF4B-00C04F79EFBC}") = "QuestBonus", "Samples\QuestBonus\QuestBonus.csproj", "{B6BEF746-5327-42A6-AC5A-AF64840511CD}"
EndProject
Project("{FAE04EC0-301F-11D3-BF4B-00C04F79EFBC}") = "Tinkering", "Samples\Tinkering\Tinkering.csproj", "{9DCC1E63-AB17-447E-ABBE-C739094C3285}"
EndProject
Project("{9A19103F-16F7-4668-BE54-9A1E7A4F7556}") = "ChatFilter", "Samples\ChatFilter\ChatFilter.csproj", "{628E565B-9F4C-4E46-AAF9-C94F584F0E50}"
EndProject
Project("{9A19103F-16F7-4668-BE54-9A1E7A4F7556}") = "Discord", "Samples\Discord\Discord.csproj", "{D67F4D7A-D3B9-4E32-BF2F-91BE5387B65F}"
EndProject
Project("{9A19103F-16F7-4668-BE54-9A1E7A4F7556}") = "Ironman", "Samples\Ironman\Ironman.csproj", "{B9934C58-E038-4CC4-99AA-5F2F85EDA16B}"
EndProject
Project("{9A19103F-16F7-4668-BE54-9A1E7A4F7556}") = "AutoLoot", "Samples\AutoLoot\AutoLoot.csproj", "{A2F9BFCD-A39B-44FC-948A-C51874259E15}"
EndProject
Project("{9A19103F-16F7-4668-BE54-9A1E7A4F7556}") = "EasyEnlightenment", "Samples\EasyEnlightenment\EasyEnlightenment.csproj", "{28A2508B-AE44-47EA-BE0A-4561544FDC93}"
EndProject
Project("{2150E333-8FDC-42A3-9474-1A3956D46DE8}") = "Templates", "Templates", "{C2B15DDD-998C-4A7C-ADE1-A7F21B896D59}"
EndProject
Project("{9A19103F-16F7-4668-BE54-9A1E7A4F7556}") = "ACE.Shared", "ACE.Shared\ACE.Shared.csproj", "{787F1FD9-F685-4F42-A0D9-1223E5D7BDA7}"
EndProject
Project("{9A19103F-16F7-4668-BE54-9A1E7A4F7556}") = "Bank", "Samples\Bank\Bank.csproj", "{FCFB9631-60E6-4027-8CC7-4F23B4301156}"
EndProject
Project("{9A19103F-16F7-4668-BE54-9A1E7A4F7556}") = "Expansion", "Samples\Expansion\Expansion.csproj", "{F60E46A6-1A58-4F82-AD88-014BF504F420}"
EndProject
Project("{9A19103F-16F7-4668-BE54-9A1E7A4F7556}") = "Tower", "Samples\Tower\Tower.csproj", "{DA46257A-2A09-4B11-9A53-C275B1347388}"
EndProject
Project("{9A19103F-16F7-4668-BE54-9A1E7A4F7556}") = "CustomSpells", "Samples\CustomSpells\CustomSpells.csproj", "{CDAAAA75-C24B-46DB-A50A-26A80013EF97}"
EndProject
Project("{9A19103F-16F7-4668-BE54-9A1E7A4F7556}") = "ImGuiHud", "Samples\ImGuiHud\ImGuiHud.csproj", "{ACC53BD9-C22B-4D8E-87D9-B39B97B18505}"
EndProject
Project("{9A19103F-16F7-4668-BE54-9A1E7A4F7556}") = "ACE.Shared.Tests", "ACE.Shared.Tests\ACE.Shared.Tests.csproj", "{B7E606D4-4BE7-4D5B-A66F-86768C07085C}"
EndProject
Project("{FAE04EC0-301F-11D3-BF4B-00C04F79EFBC}") = "ACE.SQLite", "Templates\ACE.SQLite\ACE.SQLite.csproj", "{4C12363D-0A43-463D-B246-4FDBD0324E23}"
EndProject
Project("{FAE04EC0-301F-11D3-BF4B-00C04F79EFBC}") = "ACE.MySql", "Templates\ACE.MySql\ACE.MySql.csproj", "{7E886C62-59C5-43EF-AD13-DC0A91344090}"
EndProject
Global
	GlobalSection(SolutionConfigurationPlatforms) = preSolution
		Debug|Any CPU = Debug|Any CPU
		Release|Any CPU = Release|Any CPU
	EndGlobalSection
	GlobalSection(ProjectConfigurationPlatforms) = postSolution
		{7C075293-3A0D-434E-8AB0-5666BAFDFC2C}.Debug|Any CPU.ActiveCfg = Debug|Any CPU
		{7C075293-3A0D-434E-8AB0-5666BAFDFC2C}.Release|Any CPU.ActiveCfg = Release|Any CPU
		{7C075293-3A0D-434E-8AB0-5666BAFDFC2C}.Release|Any CPU.Build.0 = Release|Any CPU
		{E1FBF550-9A8C-4CDE-B2AB-75939C0086A2}.Debug|Any CPU.ActiveCfg = Debug|Any CPU
		{E1FBF550-9A8C-4CDE-B2AB-75939C0086A2}.Release|Any CPU.ActiveCfg = Release|Any CPU
		{E1FBF550-9A8C-4CDE-B2AB-75939C0086A2}.Release|Any CPU.Build.0 = Release|Any CPU
		{6848B00C-F0DB-4133-9C53-AF347B052E09}.Debug|Any CPU.ActiveCfg = Debug|Any CPU
		{6848B00C-F0DB-4133-9C53-AF347B052E09}.Release|Any CPU.ActiveCfg = Release|Any CPU
		{6848B00C-F0DB-4133-9C53-AF347B052E09}.Release|Any CPU.Build.0 = Release|Any CPU
		{81A57CA3-E9CD-46FB-9267-BA0642D0E158}.Debug|Any CPU.ActiveCfg = Debug|Any CPU
		{81A57CA3-E9CD-46FB-9267-BA0642D0E158}.Release|Any CPU.ActiveCfg = Release|Any CPU
		{81A57CA3-E9CD-46FB-9267-BA0642D0E158}.Release|Any CPU.Build.0 = Release|Any CPU
		{1F9F454A-1CC8-4C39-B688-96F29721E542}.Debug|Any CPU.ActiveCfg = Debug|Any CPU
		{1F9F454A-1CC8-4C39-B688-96F29721E542}.Release|Any CPU.ActiveCfg = Release|Any CPU
		{1F9F454A-1CC8-4C39-B688-96F29721E542}.Release|Any CPU.Build.0 = Release|Any CPU
		{8A0D1794-B8FD-44F3-A3D7-7C1B8A83E006}.Debug|Any CPU.ActiveCfg = Debug|Any CPU
		{8A0D1794-B8FD-44F3-A3D7-7C1B8A83E006}.Release|Any CPU.ActiveCfg = Release|Any CPU
		{8A0D1794-B8FD-44F3-A3D7-7C1B8A83E006}.Release|Any CPU.Build.0 = Release|Any CPU
		{F15920DD-D448-4BA9-8110-1C3E6AA12CE7}.Debug|Any CPU.ActiveCfg = Debug|Any CPU
		{F15920DD-D448-4BA9-8110-1C3E6AA12CE7}.Release|Any CPU.ActiveCfg = Release|Any CPU
		{F15920DD-D448-4BA9-8110-1C3E6AA12CE7}.Release|Any CPU.Build.0 = Release|Any CPU
		{CF9EFFCD-4A22-48AE-9C76-EE859610830C}.Debug|Any CPU.ActiveCfg = Debug|Any CPU
		{CF9EFFCD-4A22-48AE-9C76-EE859610830C}.Debug|Any CPU.Build.0 = Debug|Any CPU
		{CF9EFFCD-4A22-48AE-9C76-EE859610830C}.Release|Any CPU.ActiveCfg = Release|Any CPU
		{CF9EFFCD-4A22-48AE-9C76-EE859610830C}.Release|Any CPU.Build.0 = Release|Any CPU
		{06445B7F-2DF7-4AC9-B7AE-C71E5B23CE1D}.Debug|Any CPU.ActiveCfg = Debug|Any CPU
		{06445B7F-2DF7-4AC9-B7AE-C71E5B23CE1D}.Debug|Any CPU.Build.0 = Debug|Any CPU
		{06445B7F-2DF7-4AC9-B7AE-C71E5B23CE1D}.Release|Any CPU.ActiveCfg = Release|Any CPU
		{06445B7F-2DF7-4AC9-B7AE-C71E5B23CE1D}.Release|Any CPU.Build.0 = Release|Any CPU
		{5F24F52F-AEBB-488E-B65D-56F9A50CE886}.Debug|Any CPU.ActiveCfg = Debug|Any CPU
		{5F24F52F-AEBB-488E-B65D-56F9A50CE886}.Debug|Any CPU.Build.0 = Debug|Any CPU
		{5F24F52F-AEBB-488E-B65D-56F9A50CE886}.Release|Any CPU.ActiveCfg = Release|Any CPU
		{5F24F52F-AEBB-488E-B65D-56F9A50CE886}.Release|Any CPU.Build.0 = Release|Any CPU
		{0DBF9FDE-0899-4B14-8FDC-0E43BAA77198}.Debug|Any CPU.ActiveCfg = Debug|Any CPU
		{0DBF9FDE-0899-4B14-8FDC-0E43BAA77198}.Debug|Any CPU.Build.0 = Debug|Any CPU
		{0DBF9FDE-0899-4B14-8FDC-0E43BAA77198}.Release|Any CPU.ActiveCfg = Release|Any CPU
		{0DBF9FDE-0899-4B14-8FDC-0E43BAA77198}.Release|Any CPU.Build.0 = Release|Any CPU
		{B6BEF746-5327-42A6-AC5A-AF64840511CD}.Debug|Any CPU.ActiveCfg = Debug|Any CPU
		{B6BEF746-5327-42A6-AC5A-AF64840511CD}.Debug|Any CPU.Build.0 = Debug|Any CPU
		{B6BEF746-5327-42A6-AC5A-AF64840511CD}.Release|Any CPU.ActiveCfg = Release|Any CPU
		{B6BEF746-5327-42A6-AC5A-AF64840511CD}.Release|Any CPU.Build.0 = Release|Any CPU
		{9DCC1E63-AB17-447E-ABBE-C739094C3285}.Debug|Any CPU.ActiveCfg = Debug|Any CPU
		{9DCC1E63-AB17-447E-ABBE-C739094C3285}.Debug|Any CPU.Build.0 = Debug|Any CPU
		{9DCC1E63-AB17-447E-ABBE-C739094C3285}.Release|Any CPU.ActiveCfg = Release|Any CPU
		{9DCC1E63-AB17-447E-ABBE-C739094C3285}.Release|Any CPU.Build.0 = Release|Any CPU
		{628E565B-9F4C-4E46-AAF9-C94F584F0E50}.Debug|Any CPU.ActiveCfg = Debug|Any CPU
		{628E565B-9F4C-4E46-AAF9-C94F584F0E50}.Debug|Any CPU.Build.0 = Debug|Any CPU
		{628E565B-9F4C-4E46-AAF9-C94F584F0E50}.Release|Any CPU.ActiveCfg = Release|Any CPU
		{628E565B-9F4C-4E46-AAF9-C94F584F0E50}.Release|Any CPU.Build.0 = Release|Any CPU
		{D67F4D7A-D3B9-4E32-BF2F-91BE5387B65F}.Debug|Any CPU.ActiveCfg = Debug|Any CPU
		{D67F4D7A-D3B9-4E32-BF2F-91BE5387B65F}.Debug|Any CPU.Build.0 = Debug|Any CPU
		{D67F4D7A-D3B9-4E32-BF2F-91BE5387B65F}.Release|Any CPU.ActiveCfg = Release|Any CPU
		{D67F4D7A-D3B9-4E32-BF2F-91BE5387B65F}.Release|Any CPU.Build.0 = Release|Any CPU
		{B9934C58-E038-4CC4-99AA-5F2F85EDA16B}.Debug|Any CPU.ActiveCfg = Debug|Any CPU
		{B9934C58-E038-4CC4-99AA-5F2F85EDA16B}.Debug|Any CPU.Build.0 = Debug|Any CPU
		{B9934C58-E038-4CC4-99AA-5F2F85EDA16B}.Release|Any CPU.ActiveCfg = Release|Any CPU
		{B9934C58-E038-4CC4-99AA-5F2F85EDA16B}.Release|Any CPU.Build.0 = Release|Any CPU
		{A2F9BFCD-A39B-44FC-948A-C51874259E15}.Debug|Any CPU.ActiveCfg = Debug|Any CPU
		{A2F9BFCD-A39B-44FC-948A-C51874259E15}.Debug|Any CPU.Build.0 = Debug|Any CPU
		{A2F9BFCD-A39B-44FC-948A-C51874259E15}.Release|Any CPU.ActiveCfg = Release|Any CPU
		{A2F9BFCD-A39B-44FC-948A-C51874259E15}.Release|Any CPU.Build.0 = Release|Any CPU
		{28A2508B-AE44-47EA-BE0A-4561544FDC93}.Debug|Any CPU.ActiveCfg = Debug|Any CPU
		{28A2508B-AE44-47EA-BE0A-4561544FDC93}.Debug|Any CPU.Build.0 = Debug|Any CPU
		{28A2508B-AE44-47EA-BE0A-4561544FDC93}.Release|Any CPU.ActiveCfg = Release|Any CPU
		{28A2508B-AE44-47EA-BE0A-4561544FDC93}.Release|Any CPU.Build.0 = Release|Any CPU
		{787F1FD9-F685-4F42-A0D9-1223E5D7BDA7}.Debug|Any CPU.ActiveCfg = Debug|Any CPU
		{787F1FD9-F685-4F42-A0D9-1223E5D7BDA7}.Debug|Any CPU.Build.0 = Debug|Any CPU
		{787F1FD9-F685-4F42-A0D9-1223E5D7BDA7}.Release|Any CPU.ActiveCfg = Release|Any CPU
		{787F1FD9-F685-4F42-A0D9-1223E5D7BDA7}.Release|Any CPU.Build.0 = Release|Any CPU
		{FCFB9631-60E6-4027-8CC7-4F23B4301156}.Debug|Any CPU.ActiveCfg = Debug|Any CPU
		{FCFB9631-60E6-4027-8CC7-4F23B4301156}.Debug|Any CPU.Build.0 = Debug|Any CPU
		{FCFB9631-60E6-4027-8CC7-4F23B4301156}.Release|Any CPU.ActiveCfg = Release|Any CPU
		{FCFB9631-60E6-4027-8CC7-4F23B4301156}.Release|Any CPU.Build.0 = Release|Any CPU
		{F60E46A6-1A58-4F82-AD88-014BF504F420}.Debug|Any CPU.ActiveCfg = Debug|Any CPU
		{F60E46A6-1A58-4F82-AD88-014BF504F420}.Debug|Any CPU.Build.0 = Debug|Any CPU
		{F60E46A6-1A58-4F82-AD88-014BF504F420}.Release|Any CPU.ActiveCfg = Release|Any CPU
		{F60E46A6-1A58-4F82-AD88-014BF504F420}.Release|Any CPU.Build.0 = Release|Any CPU
		{DA46257A-2A09-4B11-9A53-C275B1347388}.Debug|Any CPU.ActiveCfg = Debug|Any CPU
		{DA46257A-2A09-4B11-9A53-C275B1347388}.Debug|Any CPU.Build.0 = Debug|Any CPU
		{DA46257A-2A09-4B11-9A53-C275B1347388}.Release|Any CPU.ActiveCfg = Release|Any CPU
		{DA46257A-2A09-4B11-9A53-C275B1347388}.Release|Any CPU.Build.0 = Release|Any CPU
		{CDAAAA75-C24B-46DB-A50A-26A80013EF97}.Debug|Any CPU.ActiveCfg = Debug|Any CPU
		{CDAAAA75-C24B-46DB-A50A-26A80013EF97}.Debug|Any CPU.Build.0 = Debug|Any CPU
		{CDAAAA75-C24B-46DB-A50A-26A80013EF97}.Release|Any CPU.ActiveCfg = Release|Any CPU
		{CDAAAA75-C24B-46DB-A50A-26A80013EF97}.Release|Any CPU.Build.0 = Release|Any CPU
		{ACC53BD9-C22B-4D8E-87D9-B39B97B18505}.Debug|Any CPU.ActiveCfg = Debug|Any CPU
		{ACC53BD9-C22B-4D8E-87D9-B39B97B18505}.Debug|Any CPU.Build.0 = Debug|Any CPU
		{ACC53BD9-C22B-4D8E-87D9-B39B97B18505}.Release|Any CPU.ActiveCfg = Release|Any CPU
		{ACC53BD9-C22B-4D8E-87D9-B39B97B18505}.Release|Any CPU.Build.0 = Release|Any CPU
		{B7E606D4-4BE7-4D5B-A66F-86768C07085C}.Debug|Any CPU.ActiveCfg = Debug|Any CPU
		{B7E606D4-4BE7-4D5B-A66F-86768C07085C}.Debug|Any CPU.Build.0 = Debug|Any CPU
		{B7E606D4-4BE7-4D5B-A66F-86768C07085C}.Release|Any CPU.ActiveCfg = Release|Any CPU
		{B7E606D4-4BE7-4D5B-A66F-86768C07085C}.Release|Any CPU.Build.0 = Release|Any CPU
		{4C12363D-0A43-463D-B246-4FDBD0324E23}.Debug|Any CPU.ActiveCfg = Debug|Any CPU
		{4C12363D-0A43-463D-B246-4FDBD0324E23}.Debug|Any CPU.Build.0 = Debug|Any CPU
		{4C12363D-0A43-463D-B246-4FDBD0324E23}.Release|Any CPU.ActiveCfg = Release|Any CPU
		{4C12363D-0A43-463D-B246-4FDBD0324E23}.Release|Any CPU.Build.0 = Release|Any CPU
		{7E886C62-59C5-43EF-AD13-DC0A91344090}.Debug|Any CPU.ActiveCfg = Debug|Any CPU
		{7E886C62-59C5-43EF-AD13-DC0A91344090}.Debug|Any CPU.Build.0 = Debug|Any CPU
		{7E886C62-59C5-43EF-AD13-DC0A91344090}.Release|Any CPU.ActiveCfg = Release|Any CPU
		{7E886C62-59C5-43EF-AD13-DC0A91344090}.Release|Any CPU.Build.0 = Release|Any CPU
	EndGlobalSection
	GlobalSection(SolutionProperties) = preSolution
		HideSolutionNode = FALSE
	EndGlobalSection
	GlobalSection(NestedProjects) = preSolution
		{7C075293-3A0D-434E-8AB0-5666BAFDFC2C} = {C2B15DDD-998C-4A7C-ADE1-A7F21B896D59}
		{E1FBF550-9A8C-4CDE-B2AB-75939C0086A2} = {B26E1345-5594-4F16-828C-C4994FD6AC02}
		{6848B00C-F0DB-4133-9C53-AF347B052E09} = {B26E1345-5594-4F16-828C-C4994FD6AC02}
		{81A57CA3-E9CD-46FB-9267-BA0642D0E158} = {C2B15DDD-998C-4A7C-ADE1-A7F21B896D59}
		{1F9F454A-1CC8-4C39-B688-96F29721E542} = {B26E1345-5594-4F16-828C-C4994FD6AC02}
		{8A0D1794-B8FD-44F3-A3D7-7C1B8A83E006} = {B26E1345-5594-4F16-828C-C4994FD6AC02}
		{F15920DD-D448-4BA9-8110-1C3E6AA12CE7} = {B26E1345-5594-4F16-828C-C4994FD6AC02}
		{CF9EFFCD-4A22-48AE-9C76-EE859610830C} = {B26E1345-5594-4F16-828C-C4994FD6AC02}
		{06445B7F-2DF7-4AC9-B7AE-C71E5B23CE1D} = {B26E1345-5594-4F16-828C-C4994FD6AC02}
		{5F24F52F-AEBB-488E-B65D-56F9A50CE886} = {C2B15DDD-998C-4A7C-ADE1-A7F21B896D59}
		{0DBF9FDE-0899-4B14-8FDC-0E43BAA77198} = {B26E1345-5594-4F16-828C-C4994FD6AC02}
		{B6BEF746-5327-42A6-AC5A-AF64840511CD} = {B26E1345-5594-4F16-828C-C4994FD6AC02}
		{9DCC1E63-AB17-447E-ABBE-C739094C3285} = {B26E1345-5594-4F16-828C-C4994FD6AC02}
		{628E565B-9F4C-4E46-AAF9-C94F584F0E50} = {B26E1345-5594-4F16-828C-C4994FD6AC02}
		{D67F4D7A-D3B9-4E32-BF2F-91BE5387B65F} = {B26E1345-5594-4F16-828C-C4994FD6AC02}
		{B9934C58-E038-4CC4-99AA-5F2F85EDA16B} = {B26E1345-5594-4F16-828C-C4994FD6AC02}
		{A2F9BFCD-A39B-44FC-948A-C51874259E15} = {B26E1345-5594-4F16-828C-C4994FD6AC02}
		{28A2508B-AE44-47EA-BE0A-4561544FDC93} = {B26E1345-5594-4F16-828C-C4994FD6AC02}
		{FCFB9631-60E6-4027-8CC7-4F23B4301156} = {B26E1345-5594-4F16-828C-C4994FD6AC02}
		{F60E46A6-1A58-4F82-AD88-014BF504F420} = {B26E1345-5594-4F16-828C-C4994FD6AC02}
		{DA46257A-2A09-4B11-9A53-C275B1347388} = {B26E1345-5594-4F16-828C-C4994FD6AC02}
		{CDAAAA75-C24B-46DB-A50A-26A80013EF97} = {B26E1345-5594-4F16-828C-C4994FD6AC02}
		{ACC53BD9-C22B-4D8E-87D9-B39B97B18505} = {B26E1345-5594-4F16-828C-C4994FD6AC02}
		{4C12363D-0A43-463D-B246-4FDBD0324E23} = {C2B15DDD-998C-4A7C-ADE1-A7F21B896D59}
		{7E886C62-59C5-43EF-AD13-DC0A91344090} = {C2B15DDD-998C-4A7C-ADE1-A7F21B896D59}
	EndGlobalSection
	GlobalSection(ExtensibilityGlobals) = postSolution
		SolutionGuid = {78F97B66-6E9E-4329-A0FE-1E02A2C50967}
	EndGlobalSection
EndGlobal
