
Microsoft Visual Studio Solution File, Format Version 12.00
# Visual Studio Version 17
VisualStudioVersion = 17.5.002.0
MinimumVisualStudioVersion = 10.0.40219.1
Project("{9A19103F-16F7-4668-BE54-9A1E7A4F7556}") = "Spells", "Spells.csproj", "{16588E6D-3EF0-4869-9AFD-F81DFE851EF7}"
EndProject
Global
	GlobalSection(SolutionConfigurationPlatforms) = preSolution
		Debug|Any CPU = Debug|Any CPU
		Release|Any CPU = Release|Any CPU
	EndGlobalSection
	GlobalSection(ProjectConfigurationPlatforms) = postSolution
		{16588E6D-3EF0-4869-9AFD-F81DFE851EF7}.Debug|Any CPU.ActiveCfg = Debug|Any CPU
		{16588E6D-3EF0-4869-9AFD-F81DFE851EF7}.Debug|Any CPU.Build.0 = Debug|Any CPU
		{16588E6D-3EF0-4869-9AFD-F81DFE851EF7}.Release|Any CPU.ActiveCfg = Release|Any CPU
		{16588E6D-3EF0-4869-9AFD-F81DFE851EF7}.Release|Any CPU.Build.0 = Release|Any CPU
	EndGlobalSection
	GlobalSection(SolutionProperties) = preSolution
		HideSolutionNode = FALSE
	EndGlobalSection
	GlobalSection(ExtensibilityGlobals) = postSolution
		SolutionGuid = {1634034F-ADF7-427A-97F6-42FE5520BFD8}
	EndGlobalSection
EndGlobal
